github.com/Masterminds/squirrel v1.5.3 h1:YPpoceAcxuzIljlr5iWpNKaql7hLeG1KLSrhvdHpkZc=
github.com/Masterminds/squirrel v1.5.3/go.mod h1:NNaOrjSoIDfDA40n7sr2tPNZRfjzjA400rg+riTZj10=
github.com/benbjohnson/clock v1.1.0 h1:Q92kusRqC1XV2MjkWETPvjJVqKetz1OzxZB7mHJLju8=
github.com/cockroachdb/cockroach-go/v2 v2.2.0 h1:/5znzg5n373N/3ESjHF5SMLxiW4RKB05Ql//KWfeTFs=
github.com/davecgh/go-spew v1.1.0/go.mod h1:J7Y8YcW2NihsgmVo/mv3lAwl/skON4iLHjSsI+c5H38=
github.com/davecgh/go-spew v1.1.1 h1:vj9j/u1bqnvCEfJOwUhtlOARqs3+rkHYY13jYWTU97c=
github.com/davecgh/go-spew v1.1.1/go.mod h1:J7Y8YcW2NihsgmVo/mv3lAwl/skON4iLHjSsI+c5H38=
github.com/georgysavva/scany/v2 v2.0.0 h1:RGXqxDv4row7/FYoK8MRXAZXqoWF/NM+NP0q50k3DKU=
github.com/georgysavva/scany/v2 v2.0.0/go.mod h1:sigOdh+0qb/+aOs3TVhehVT10p8qJL7K/Zhyz8vWo38=
github.com/gofrs/flock v0.8.1 h1:+gYjHKf32LDeiEEFhQaotPbLuUXjY5ZqxKgXy7n59aw=
github.com/jackc/pgpassfile v1.0.0 h1:/6Hmqy13Ss2zCq62VdNG8tM1wchn8zjSGOBJ6icpsIM=
github.com/jackc/pgpassfile v1.0.0/go.mod h1:CEx0iS5ambNFdcRtxPj5JhEz+xB6uRky5eyVu/W2HEg=
github.com/jackc/pgservicefile v0.0.0-20200714003250-2b9c44734f2b h1:C8S2+VttkHFdOOCXJe+YGfa4vHYwlt4Zx+IVXQ97jYg=
github.com/jackc/pgservicefile v0.0.0-20200714003250-2b9c44734f2b/go.mod h1:vsD4gTJCa9TptPL8sPkXrLZ+hDuNrZCnj29CQpr4X1E=
github.com/jackc/pgx/v5 v5.2.0 h1:NdPpngX0Y6z6XDFKqmFQaE+bCtkqzvQIOt1wvBlAqs8=
github.com/jackc/pgx/v5 v5.2.0/go.mod h1:Ptn7zmohNsWEsdxRawMzk3gaKma2obW+NWTnKa0S4nk=
github.com/jackc/puddle/v2 v2.1.2 h1:0f7vaaXINONKTsxYDn4otOAiJanX/BMeAtY//BXqzlg=
github.com/jackc/puddle/v2 v2.1.2/go.mod h1:2lpufsF5mRHO6SuZkm0fNYxM6SWHfvyFj62KwNzgels=
github.com/lann/builder v0.0.0-20180802200727-47ae307949d0 h1:SOEGU9fKiNWd/HOJuq6+3iTQz8KNCLtVX6idSoTLdUw=
github.com/lann/builder v0.0.0-20180802200727-47ae307949d0/go.mod h1:dXGbAdH5GtBTC4WfIxhKZfyBF/HBFgRZSWwZ9g/He9o=
github.com/lann/ps v0.0.0-20150810152359-62de8c46ede0 h1:P6pPBnrTSX3DEVR4fDembhRWSsG5rVo6hYhAB/ADZrk=
github.com/lann/ps v0.0.0-20150810152359-62de8c46ede0/go.mod h1:vmVJ0l/dxyfGW6FmdpVm2joNMFikkuWg0EoCKLGUMNw=
github.com/lib/pq v1.10.0 h1:Zx5DJFEYQXio93kgXnQ09fXNiUKsqv4OUEu2UtGcB1E=
github.com/pkg/errors v0.9.1 h1:FEBLx1zS214owpjy7qsBeixbURkuhQAwrK5UwLGTwt4=
github.com/pmezard/go-difflib v1.0.0 h1:4DBwDE0NGyQoBHbLQYPwSUPoCMWR5BEzIk/f1lZbAQM=
github.com/pmezard/go-difflib v1.0.0/go.mod h1:iKH77koFhYxTK1pcRnkKkqfTogsbg7gZNVY4sRDYZ/4=
github.com/stretchr/objx v0.1.0/go.mod h1:HFkY916IF+rwdDfMAkV7OtwuqBVzrE8GR6GFx+wExME=
github.com/stretchr/objx v0.4.0 h1:M2gUjqZET1qApGOWNSnZ49BAIMX4F/1plDv3+l31EJ4=
github.com/stretchr/testify v1.2.2/go.mod h1:a8OnRcib4nhh0OaRAV+Yts87kKdq0PP7pXfy6kDkUVs=
github.com/stretchr/testify v1.3.0/go.mod h1:M5WIy9Dh21IEIfnGCwXGc5bZfKNJtfHm1UVUgZn+9EI=
github.com/stretchr/testify v1.5.1/go.mod h1:5W2xD1RspED5o8YsWQXVCued0rvSQ+mT+I5cxcmMvtA=
github.com/stretchr/testify v1.8.0 h1:pSgiaMZlXftHpm5L7V1+rVB+AZJydKsMxsQBIJw4PKk=
go.uber.org/atomic v1.7.0/go.mod h1:fEN4uk6kAWBTFdckzkM89CLk9XfWZrxpCo0nPH17wJc=
go.uber.org/atomic v1.10.0 h1:9qC72Qh0+3MqyJbAn8YU5xVq1frD8bn3JtD2oXtafVQ=
go.uber.org/atomic v1.10.0/go.mod h1:LUxbIzbOniOlMKjJjyPfpl4v+PKK2cNJn91OQbhoJI0=
go.uber.org/goleak v1.1.11 h1:wy28qYRKZgnJTxGxvye5/wgWr1EKjmUDGYox5mGlRlI=
go.uber.org/multierr v1.6.0 h1:y6IPFStTAIT5Ytl7/XYmHvzXQ7S3g/IeZW9hyZ5thw4=
go.uber.org/multierr v1.6.0/go.mod h1:cdWPpRnG4AhwMwsgIHip0KRBQjJy5kYEpYjJxpXp9iU=
go.uber.org/zap v1.24.0 h1:FiJd5l1UOLj0wCgbSE0rwwXHzEdAZS6hiiSnxJN/D60=
go.uber.org/zap v1.24.0/go.mod h1:2kMP+WWQ8aoFoedH3T2sq6iJ2yDWpHbP0f6MQbS9Gkg=
golang.org/x/crypto v0.0.0-20220829220503-c86fa9a7ed90 h1:Y/gsMcFOcR+6S6f3YeMKl5g+dZMEWqcz5Czj/GWYbkM=
golang.org/x/crypto v0.0.0-20220829220503-c86fa9a7ed90/go.mod h1:IxCIyHEi3zRg3s0A5j5BB6A9Jmi73HwBIUl50j+osU4=
golang.org/x/sync v0.0.0-20220923202941-7f9b1623fab7 h1:ZrnxWX62AgTKOSagEqxvb3ffipvEDX2pl7E1TdqLqIc=
golang.org/x/sync v0.0.0-20220923202941-7f9b1623fab7/go.mod h1:RxMgew5VJxzue5/jJTE5uejpjVlOe/izrB70Jof72aM=
golang.org/x/sys v0.0.0-20220722155257-8c9f86f7a55f h1:v4INt8xihDGvnrfjMDVXGxw9wrfxYyCjk0KbXjhR55s=
golang.org/x/text v0.3.8 h1:nAL+RVCQ9uMn3vJZbV+MRnydTJFPf8qqY42YiA6MrqY=
golang.org/x/text v0.3.8/go.mod h1:E6s5w1FMmriuDzIBO73fBruAKo1PCIq6d2Q6DHfQ8WQ=
gopkg.in/check.v1 v0.0.0-20161208181325-20d25e280405/go.mod h1:Co6ibVJAznAaIkqp8huTwlJQCZ016jof/cbN4VW5Yz0=
gopkg.in/yaml.v2 v2.2.2/go.mod h1:hI93XBmqTisBFMUTm0b8Fm+jr3Dg1NNxqwp+5A1VGuI=
gopkg.in/yaml.v3 v3.0.1 h1:fxVm/GzAzEWqLHuvctI91KS9hhNmmWOoWu0XTYJS7CA=
